
Microsoft Visual Studio Solution File, Format Version 12.00
# Visual Studio 15
VisualStudioVersion = 15.0.27703.2026
MinimumVisualStudioVersion = 10.0.40219.1
Project("{FAE04EC0-301F-11D3-BF4B-00C04F79EFBC}") = "DesignPattern_CSharp", "DesignPattern_CSharp\DesignPattern_CSharp.csproj", "{DC5067CB-D5F3-42EF-BA32-F422357809BA}"
EndProject
Global
	GlobalSection(SolutionConfigurationPlatforms) = preSolution
		Debug|Any CPU = Debug|Any CPU
		Release|Any CPU = Release|Any CPU
	EndGlobalSection
	GlobalSection(ProjectConfigurationPlatforms) = postSolution
		{DC5067CB-D5F3-42EF-BA32-F422357809BA}.Debug|Any CPU.ActiveCfg = Debug|Any CPU
		{DC5067CB-D5F3-42EF-BA32-F422357809BA}.Debug|Any CPU.Build.0 = Debug|Any CPU
		{DC5067CB-D5F3-42EF-BA32-F422357809BA}.Release|Any CPU.ActiveCfg = Release|Any CPU
		{DC5067CB-D5F3-42EF-BA32-F422357809BA}.Release|Any CPU.Build.0 = Release|Any CPU
	EndGlobalSection
	GlobalSection(SolutionProperties) = preSolution
		HideSolutionNode = FALSE
	EndGlobalSection
	GlobalSection(ExtensibilityGlobals) = postSolution
		SolutionGuid = {E559A7D0-02B4-4E09-A8C2-98D7A48CDC6B}
	EndGlobalSection
EndGlobal
